
Microsoft Visual Studio Solution File, Format Version 12.00
# Visual Studio Version 16
VisualStudioVersion = 16.0.29123.88
MinimumVisualStudioVersion = 10.0.40219.1
Project("{8BC9CEB8-8B4A-11D0-8D11-00A0C91BC942}") = "Engine", "Engine\Engine.vcxproj", "{88672064-B23F-41F4-99A7-614E996C7969}"
EndProject
Project("{8BC9CEB8-8B4A-11D0-8D11-00A0C91BC942}") = "Sandbox", "Sandbox\Sandbox.vcxproj", "{99341F8F-5400-47AB-A4DA-57922ACF7D4C}"
EndProject
Global
	GlobalSection(SolutionConfigurationPlatforms) = preSolution
		Debug|x64 = Debug|x64
		Release|x64 = Release|x64
	EndGlobalSection
	GlobalSection(ProjectConfigurationPlatforms) = postSolution
		{88672064-B23F-41F4-99A7-614E996C7969}.Debug|x64.ActiveCfg = Debug|x64
		{88672064-B23F-41F4-99A7-614E996C7969}.Debug|x64.Build.0 = Debug|x64
		{88672064-B23F-41F4-99A7-614E996C7969}.Release|x64.ActiveCfg = Debug|x64
		{88672064-B23F-41F4-99A7-614E996C7969}.Release|x64.Build.0 = Debug|x64
		{99341F8F-5400-47AB-A4DA-57922ACF7D4C}.Debug|x64.ActiveCfg = Debug|x64
		{99341F8F-5400-47AB-A4DA-57922ACF7D4C}.Debug|x64.Build.0 = Debug|x64
		{99341F8F-5400-47AB-A4DA-57922ACF7D4C}.Release|x64.ActiveCfg = Debug|x64
		{99341F8F-5400-47AB-A4DA-57922ACF7D4C}.Release|x64.Build.0 = Debug|x64
	EndGlobalSection
	GlobalSection(SolutionProperties) = preSolution
		HideSolutionNode = FALSE
	EndGlobalSection
	GlobalSection(ExtensibilityGlobals) = postSolution
		SolutionGuid = {F5ACFF1B-0872-44D6-AA67-530518AF42D0}
	EndGlobalSection
EndGlobal
